
Microsoft Visual Studio Solution File, Format Version 12.00
# Visual Studio Version 17
VisualStudioVersion = 17.4.33205.214
MinimumVisualStudioVersion = 10.0.40219.1
Project("{FAE04EC0-301F-11D3-BF4B-00C04F79EFBC}") = "string and array  12", "string and array  12\string and array  12.csproj", "{4469B87C-D83E-4767-9DB2-2E26B5CD6904}"
EndProject
Global
	GlobalSection(SolutionConfigurationPlatforms) = preSolution
		Debug|Any CPU = Debug|Any CPU
		Release|Any CPU = Release|Any CPU
	EndGlobalSection
	GlobalSection(ProjectConfigurationPlatforms) = postSolution
		{4469B87C-D83E-4767-9DB2-2E26B5CD6904}.Debug|Any CPU.ActiveCfg = Debug|Any CPU
		{4469B87C-D83E-4767-9DB2-2E26B5CD6904}.Debug|Any CPU.Build.0 = Debug|Any CPU
		{4469B87C-D83E-4767-9DB2-2E26B5CD6904}.Release|Any CPU.ActiveCfg = Release|Any CPU
		{4469B87C-D83E-4767-9DB2-2E26B5CD6904}.Release|Any CPU.Build.0 = Release|Any CPU
	EndGlobalSection
	GlobalSection(SolutionProperties) = preSolution
		HideSolutionNode = FALSE
	EndGlobalSection
	GlobalSection(ExtensibilityGlobals) = postSolution
		SolutionGuid = {0569E107-87CC-4372-955F-ADA8F63A7328}
	EndGlobalSection
EndGlobal
